
Microsoft Visual Studio Solution File, Format Version 12.00
# Visual Studio Version 17
VisualStudioVersion = 17.0.31903.59
MinimumVisualStudioVersion = 10.0.40219.1
Project("{C9674DCB-5085-4A16-B785-4C70DD1589BD}") = "CurrencyDataImport", "CurrencyDataImport.dtproj", "{C7C478F3-17C0-43FA-99B7-DE2AF8A6C408}"
EndProject
Global
	GlobalSection(SolutionConfigurationPlatforms) = preSolution
		Development|Default = Development|Default
	EndGlobalSection
	GlobalSection(ProjectConfigurationPlatforms) = postSolution
		{C7C478F3-17C0-43FA-99B7-DE2AF8A6C408}.Development|Default.ActiveCfg = Development
		{C7C478F3-17C0-43FA-99B7-DE2AF8A6C408}.Development|Default.Build.0 = Development
	EndGlobalSection
	GlobalSection(SolutionProperties) = preSolution
		HideSolutionNode = FALSE
	EndGlobalSection
EndGlobal
